
Microsoft Visual Studio Solution File, Format Version 12.00
# Visual Studio Version 17
VisualStudioVersion = 17.4.33213.308
MinimumVisualStudioVersion = 10.0.40219.1
Project("{FAE04EC0-301F-11D3-BF4B-00C04F79EFBC}") = "CreateUserBot", "CreateUserBot\CreateUserBot.csproj", "{90292DBC-D958-4F71-9ACA-4FEB3A39E1FB}"
EndProject
Global
	GlobalSection(SolutionConfigurationPlatforms) = preSolution
		Debug|Any CPU = Debug|Any CPU
		Release|Any CPU = Release|Any CPU
	EndGlobalSection
	GlobalSection(ProjectConfigurationPlatforms) = postSolution
		{90292DBC-D958-4F71-9ACA-4FEB3A39E1FB}.Debug|Any CPU.ActiveCfg = Debug|Any CPU
		{90292DBC-D958-4F71-9ACA-4FEB3A39E1FB}.Debug|Any CPU.Build.0 = Debug|Any CPU
		{90292DBC-D958-4F71-9ACA-4FEB3A39E1FB}.Release|Any CPU.ActiveCfg = Release|Any CPU
		{90292DBC-D958-4F71-9ACA-4FEB3A39E1FB}.Release|Any CPU.Build.0 = Release|Any CPU
	EndGlobalSection
	GlobalSection(SolutionProperties) = preSolution
		HideSolutionNode = FALSE
	EndGlobalSection
	GlobalSection(ExtensibilityGlobals) = postSolution
		SolutionGuid = {7C417D2B-BF21-48CC-909C-489AF7391F0A}
	EndGlobalSection
EndGlobal
